
Microsoft Visual Studio Solution File, Format Version 12.00
# Visual Studio Version 17
VisualStudioVersion = 17.3.32929.385
MinimumVisualStudioVersion = 10.0.40219.1
Project("{FAE04EC0-301F-11D3-BF4B-00C04F79EFBC}") = "Lab2Paper1", "Lab2Paper1.csproj", "{B33A4C98-1D0E-473F-BBF7-F9433AB96AD1}"
EndProject
Global
	GlobalSection(SolutionConfigurationPlatforms) = preSolution
		Debug|Any CPU = Debug|Any CPU
		Release|Any CPU = Release|Any CPU
	EndGlobalSection
	GlobalSection(ProjectConfigurationPlatforms) = postSolution
		{B33A4C98-1D0E-473F-BBF7-F9433AB96AD1}.Debug|Any CPU.ActiveCfg = Debug|Any CPU
		{B33A4C98-1D0E-473F-BBF7-F9433AB96AD1}.Debug|Any CPU.Build.0 = Debug|Any CPU
		{B33A4C98-1D0E-473F-BBF7-F9433AB96AD1}.Release|Any CPU.ActiveCfg = Release|Any CPU
		{B33A4C98-1D0E-473F-BBF7-F9433AB96AD1}.Release|Any CPU.Build.0 = Release|Any CPU
	EndGlobalSection
	GlobalSection(SolutionProperties) = preSolution
		HideSolutionNode = FALSE
	EndGlobalSection
	GlobalSection(ExtensibilityGlobals) = postSolution
		SolutionGuid = {7A2F0D2F-1AA2-4994-9C91-FA8FDAB240DF}
	EndGlobalSection
EndGlobal
